
Microsoft Visual Studio Solution File, Format Version 12.00
# Visual Studio Version 17
VisualStudioVersion = 17.14.36301.6 d17.14
MinimumVisualStudioVersion = 10.0.40219.1
Project("{FAE04EC0-301F-11D3-BF4B-00C04F79EFBC}") = "TestingCodeFirst_FirstProject", "TestingCodeFirst_FirstProject\TestingCodeFirst_FirstProject.csproj", "{40F0528F-EC3B-42DC-85D2-3705F5FB71EF}"
EndProject
Project("{FAE04EC0-301F-11D3-BF4B-00C04F79EFBC}") = "CodeFirstExample", "CodeFirstExample\CodeFirstExample.csproj", "{88DAE685-A8F7-4D85-B2F7-4F03E9137668}"
EndProject
Project("{FAE04EC0-301F-11D3-BF4B-00C04F79EFBC}") = "CodeFirstWithDatabaseSeeding", "CodeFirstWithDatabaseSeeding\CodeFirstWithDatabaseSeeding.csproj", "{9BC4EBAF-8E69-43F0-8819-268333ACA20F}"
EndProject
Project("{FAE04EC0-301F-11D3-BF4B-00C04F79EFBC}") = "Repository", "Repository\Repository.csproj", "{EB0ABD25-8B69-4931-A81D-1FE4F035971F}"
EndProject
Project("{2150E333-8FDC-42A3-9474-1A3956D46DE8}") = "Examples", "Examples", "{02EA681E-C7D8-13C7-8484-4AC65E1B71E8}"
EndProject
Project("{2150E333-8FDC-42A3-9474-1A3956D46DE8}") = "Library", "Library", "{D8639FFB-9E40-40EB-9D27-5B82C4CD8A1C}"
EndProject
Global
	GlobalSection(SolutionConfigurationPlatforms) = preSolution
		Debug|Any CPU = Debug|Any CPU
		Release|Any CPU = Release|Any CPU
	EndGlobalSection
	GlobalSection(ProjectConfigurationPlatforms) = postSolution
		{40F0528F-EC3B-42DC-85D2-3705F5FB71EF}.Debug|Any CPU.ActiveCfg = Debug|Any CPU
		{40F0528F-EC3B-42DC-85D2-3705F5FB71EF}.Debug|Any CPU.Build.0 = Debug|Any CPU
		{40F0528F-EC3B-42DC-85D2-3705F5FB71EF}.Release|Any CPU.ActiveCfg = Release|Any CPU
		{40F0528F-EC3B-42DC-85D2-3705F5FB71EF}.Release|Any CPU.Build.0 = Release|Any CPU
		{88DAE685-A8F7-4D85-B2F7-4F03E9137668}.Debug|Any CPU.ActiveCfg = Debug|Any CPU
		{88DAE685-A8F7-4D85-B2F7-4F03E9137668}.Debug|Any CPU.Build.0 = Debug|Any CPU
		{88DAE685-A8F7-4D85-B2F7-4F03E9137668}.Release|Any CPU.ActiveCfg = Release|Any CPU
		{88DAE685-A8F7-4D85-B2F7-4F03E9137668}.Release|Any CPU.Build.0 = Release|Any CPU
		{9BC4EBAF-8E69-43F0-8819-268333ACA20F}.Debug|Any CPU.ActiveCfg = Debug|Any CPU
		{9BC4EBAF-8E69-43F0-8819-268333ACA20F}.Debug|Any CPU.Build.0 = Debug|Any CPU
		{9BC4EBAF-8E69-43F0-8819-268333ACA20F}.Release|Any CPU.ActiveCfg = Release|Any CPU
		{9BC4EBAF-8E69-43F0-8819-268333ACA20F}.Release|Any CPU.Build.0 = Release|Any CPU
		{EB0ABD25-8B69-4931-A81D-1FE4F035971F}.Debug|Any CPU.ActiveCfg = Debug|Any CPU
		{EB0ABD25-8B69-4931-A81D-1FE4F035971F}.Debug|Any CPU.Build.0 = Debug|Any CPU
		{EB0ABD25-8B69-4931-A81D-1FE4F035971F}.Release|Any CPU.ActiveCfg = Release|Any CPU
		{EB0ABD25-8B69-4931-A81D-1FE4F035971F}.Release|Any CPU.Build.0 = Release|Any CPU
	EndGlobalSection
	GlobalSection(SolutionProperties) = preSolution
		HideSolutionNode = FALSE
	EndGlobalSection
	GlobalSection(NestedProjects) = preSolution
		{40F0528F-EC3B-42DC-85D2-3705F5FB71EF} = {02EA681E-C7D8-13C7-8484-4AC65E1B71E8}
		{88DAE685-A8F7-4D85-B2F7-4F03E9137668} = {02EA681E-C7D8-13C7-8484-4AC65E1B71E8}
		{9BC4EBAF-8E69-43F0-8819-268333ACA20F} = {02EA681E-C7D8-13C7-8484-4AC65E1B71E8}
		{EB0ABD25-8B69-4931-A81D-1FE4F035971F} = {D8639FFB-9E40-40EB-9D27-5B82C4CD8A1C}
	EndGlobalSection
	GlobalSection(ExtensibilityGlobals) = postSolution
		SolutionGuid = {2CD4669D-9246-4753-A4D4-1CE52B491BCE}
	EndGlobalSection
EndGlobal
